
Microsoft Visual Studio Solution File, Format Version 12.00
# Visual Studio 2012
VisualStudioVersion = 12.0.30501.0
Project("{FAE04EC0-301F-11D3-BF4B-00C04F79EFBC}") = "TestWebApplication", "TestWebApplication\TestWebApplication.csproj", "{D8BC50C5-9EB9-46D6-BE20-F900F3DAD45D}"
EndProject
Global
	GlobalSection(SolutionConfigurationPlatforms) = preSolution
		Debug|Any CPU = Debug|Any CPU
		Release|Any CPU = Release|Any CPU
	EndGlobalSection
	GlobalSection(ProjectConfigurationPlatforms) = postSolution
		{D8BC50C5-9EB9-46D6-BE20-F900F3DAD45D}.Debug|Any CPU.ActiveCfg = Debug|Any CPU
		{D8BC50C5-9EB9-46D6-BE20-F900F3DAD45D}.Debug|Any CPU.Build.0 = Debug|Any CPU
		{D8BC50C5-9EB9-46D6-BE20-F900F3DAD45D}.Release|Any CPU.ActiveCfg = Release|Any CPU
		{D8BC50C5-9EB9-46D6-BE20-F900F3DAD45D}.Release|Any CPU.Build.0 = Release|Any CPU
	EndGlobalSection
	GlobalSection(MonoDevelopProperties) = preSolution
		StartupItem = TestWebApplication\TestWebApplication.csproj
	EndGlobalSection
EndGlobal
